// !$*UTF8*$!
{
	archiveVersion = 1;
	classes = {
	};
	objectVersion = 50;
	objects = {

/* Begin PBXBuildFile section */
		F368044C23D8856D0054361A /* AppDelegate.swift in Sources */ = {isa = PBXBuildFile; fileRef = F368044B23D8856D0054361A /* AppDelegate.swift */; };
		F368044E23D8856D0054361A /* SceneDelegate.swift in Sources */ = {isa = PBXBuildFile; fileRef = F368044D23D8856D0054361A /* SceneDelegate.swift */; };
		F368045023D8856D0054361A /* ImageViewController.swift in Sources */ = {isa = PBXBuildFile; fileRef = F368044F23D8856D0054361A /* ImageViewController.swift */; };
		F368045323D8856D0054361A /* Main.storyboard in Resources */ = {isa = PBXBuildFile; fileRef = F368045123D8856D0054361A /* Main.storyboard */; };
		F368045523D885710054361A /* Assets.xcassets in Resources */ = {isa = PBXBuildFile; fileRef = F368045423D885710054361A /* Assets.xcassets */; };
		F368045823D885710054361A /* LaunchScreen.storyboard in Resources */ = {isa = PBXBuildFile; fileRef = F368045623D885710054361A /* LaunchScreen.storyboard */; };
		F368046523D8873B0054361A /* Animal_All.jpg in Resources */ = {isa = PBXBuildFile; fileRef = F368046023D8873B0054361A /* Animal_All.jpg */; };
		F368046623D8873B0054361A /* Animal_Dog.jpg in Resources */ = {isa = PBXBuildFile; fileRef = F368046123D8873B0054361A /* Animal_Dog.jpg */; };
		F368046723D8873B0054361A /* Animal_Leon.png in Resources */ = {isa = PBXBuildFile; fileRef = F368046223D8873B0054361A /* Animal_Leon.png */; };
		F368046823D8873B0054361A /* Animal_Cat.png in Resources */ = {isa = PBXBuildFile; fileRef = F368046323D8873B0054361A /* Animal_Cat.png */; };
		F368046923D8873B0054361A /* Animal_Monkey.jpg in Resources */ = {isa = PBXBuildFile; fileRef = F368046423D8873B0054361A /* Animal_Monkey.jpg */; };
/* End PBXBuildFile section */

/* Begin PBXFileReference section */
		F368044823D8856D0054361A /* ImageViewer.app */ = {isa = PBXFileReference; explicitFileType = wrapper.application; includeInIndex = 0; path = ImageViewer.app; sourceTree = BUILT_PRODUCTS_DIR; };
		F368044B23D8856D0054361A /* AppDelegate.swift */ = {isa = PBXFileReference; lastKnownFileType = sourcecode.swift; path = AppDelegate.swift; sourceTree = "<group>"; };
		F368044D23D8856D0054361A /* SceneDelegate.swift */ = {isa = PBXFileReference; lastKnownFileType = sourcecode.swift; path = SceneDelegate.swift; sourceTree = "<group>"; };
		F368044F23D8856D0054361A /* ImageViewController.swift */ = {isa = PBXFileReference; lastKnownFileType = sourcecode.swift; path = ImageViewController.swift; sourceTree = "<group>"; };
		F368045223D8856D0054361A /* Base */ = {isa = PBXFileReference; lastKnownFileType = file.storyboard; name = Base; path = Base.lproj/Main.storyboard; sourceTree = "<group>"; };
		F368045423D885710054361A /* Assets.xcassets */ = {isa = PBXFileReference; lastKnownFileType = folder.assetcatalog; path = Assets.xcassets; sourceTree = "<group>"; };
		F368045723D885710054361A /* Base */ = {isa = PBXFileReference; lastKnownFileType = file.storyboard; name = Base; path = Base.lproj/LaunchScreen.storyboard; sourceTree = "<group>"; };
		F368045923D885710054361A /* Info.plist */ = {isa = PBXFileReference; lastKnownFileType = text.plist.xml; path = Info.plist; sourceTree = "<group>"; };
		F368046023D8873B0054361A /* Animal_All.jpg */ = {isa = PBXFileReference; lastKnownFileType = image.jpeg; path = Animal_All.jpg; sourceTree = "<group>"; };
		F368046123D8873B0054361A /* Animal_Dog.jpg */ = {isa = PBXFileReference; lastKnownFileType = image.jpeg; path = Animal_Dog.jpg; sourceTree = "<group>"; };
		F368046223D8873B0054361A /* Animal_Leon.png */ = {isa = PBXFileReference; lastKnownFileType = image.png; path = Animal_Leon.png; sourceTree = "<group>"; };
		F368046323D8873B0054361A /* Animal_Cat.png */ = {isa = PBXFileReference; lastKnownFileType = image.png; path = Animal_Cat.png; sourceTree = "<group>"; };
		F368046423D8873B0054361A /* Animal_Monkey.jpg */ = {isa = PBXFileReference; lastKnownFileType = image.jpeg; path = Animal_Monkey.jpg; sourceTree = "<group>"; };
/* End PBXFileReference section */

/* Begin PBXFrameworksBuildPhase section */
		F368044523D8856D0054361A /* Frameworks */ = {
			isa = PBXFrameworksBuildPhase;
			buildActionMask = 2147483647;
			files = (
			);
			runOnlyForDeploymentPostprocessing = 0;
		};
/* End PBXFrameworksBuildPhase section */

/* Begin PBXGroup section */
		F368043F23D8856C0054361A = {
			isa = PBXGroup;
			children = (
				F368044A23D8856D0054361A /* ImageViewer */,
				F368044923D8856D0054361A /* Products */,
			);
			sourceTree = "<group>";
		};
		F368044923D8856D0054361A /* Products */ = {
			isa = PBXGroup;
			children = (
				F368044823D8856D0054361A /* ImageViewer.app */,
			);
			name = Products;
			sourceTree = "<group>";
		};
		F368044A23D8856D0054361A /* ImageViewer */ = {
			isa = PBXGroup;
			children = (
				F368044B23D8856D0054361A /* AppDelegate.swift */,
				F368044D23D8856D0054361A /* SceneDelegate.swift */,
				F368044F23D8856D0054361A /* ImageViewController.swift */,
				F368045123D8856D0054361A /* Main.storyboard */,
				F368045423D885710054361A /* Assets.xcassets */,
				F368045F23D8873B0054361A /* Content */,
				F368045623D885710054361A /* LaunchScreen.storyboard */,
				F368045923D885710054361A /* Info.plist */,
			);
			path = ImageViewer;
			sourceTree = "<group>";
		};
		F368045F23D8873B0054361A /* Content */ = {
			isa = PBXGroup;
			children = (
				F368046023D8873B0054361A /* Animal_All.jpg */,
				F368046123D8873B0054361A /* Animal_Dog.jpg */,
				F368046223D8873B0054361A /* Animal_Leon.png */,
				F368046323D8873B0054361A /* Animal_Cat.png */,
				F368046423D8873B0054361A /* Animal_Monkey.jpg */,
			);
			path = Content;
			sourceTree = "<group>";
		};
/* End PBXGroup section */

/* Begin PBXNativeTarget section */
		F368044723D8856D0054361A /* ImageViewer */ = {
			isa = PBXNativeTarget;
			buildConfigurationList = F368045C23D885710054361A /* Build configuration list for PBXNativeTarget "ImageViewer" */;
			buildPhases = (
				F368044423D8856D0054361A /* Sources */,
				F368044523D8856D0054361A /* Frameworks */,
				F368044623D8856D0054361A /* Resources */,
			);
			buildRules = (
			);
			dependencies = (
			);
			name = ImageViewer;
			productName = ImageViewer;
			productReference = F368044823D8856D0054361A /* ImageViewer.app */;
			productType = "com.apple.product-type.application";
		};
/* End PBXNativeTarget section */

/* Begin PBXProject section */
		F368044023D8856D0054361A /* Project object */ = {
			isa = PBXProject;
			attributes = {
				LastSwiftUpdateCheck = 1120;
				LastUpgradeCheck = 1120;
				ORGANIZATIONNAME = "Elena Kulakova";
				TargetAttributes = {
					F368044723D8856D0054361A = {
						CreatedOnToolsVersion = 11.2.1;
					};
				};
			};
			buildConfigurationList = F368044323D8856D0054361A /* Build configuration list for PBXProject "ImageViewer" */;
			compatibilityVersion = "Xcode 9.3";
			developmentRegion = en;
			hasScannedForEncodings = 0;
			knownRegions = (
				en,
				Base,
			);
			mainGroup = F368043F23D8856C0054361A;
			productRefGroup = F368044923D8856D0054361A /* Products */;
			projectDirPath = "";
			projectRoot = "";
			targets = (
				F368044723D8856D0054361A /* ImageViewer */,
			);
		};
/* End PBXProject section */

/* Begin PBXResourcesBuildPhase section */
		F368044623D8856D0054361A /* Resources */ = {
			isa = PBXResourcesBuildPhase;
			buildActionMask = 2147483647;
			files = (
				F368046823D8873B0054361A /* Animal_Cat.png in Resources */,
				F368045823D885710054361A /* LaunchScreen.storyboard in Resources */,
				F368046723D8873B0054361A /* Animal_Leon.png in Resources */,
				F368045523D885710054361A /* Assets.xcassets in Resources */,
				F368046923D8873B0054361A /* Animal_Monkey.jpg in Resources */,
				F368045323D8856D0054361A /* Main.storyboard in Resources */,
				F368046523D8873B0054361A /* Animal_All.jpg in Resources */,
				F368046623D8873B0054361A /* Animal_Dog.jpg in Resources */,
			);
			runOnlyForDeploymentPostprocessing = 0;
		};
/* End PBXResourcesBuildPhase section */

/* Begin PBXSourcesBuildPhase section */
		F368044423D8856D0054361A /* Sources */ = {
			isa = PBXSourcesBuildPhase;
			buildActionMask = 2147483647;
			files = (
				F368045023D8856D0054361A /* ImageViewController.swift in Sources */,
				F368044C23D8856D0054361A /* AppDelegate.swift in Sources */,
				F368044E23D8856D0054361A /* SceneDelegate.swift in Sources */,
			);
			runOnlyForDeploymentPostprocessing = 0;
		};
/* End PBXSourcesBuildPhase section */

/* Begin PBXVariantGroup section */
		F368045123D8856D0054361A /* Main.storyboard */ = {
			isa = PBXVariantGroup;
			children = (
				F368045223D8856D0054361A /* Base */,
			);
			name = Main.storyboard;
			sourceTree = "<group>";
		};
		F368045623D885710054361A /* LaunchScreen.storyboard */ = {
			isa = PBXVariantGroup;
			children = (
				F368045723D885710054361A /* Base */,
			);
			name = LaunchScreen.storyboard;
			sourceTree = "<group>";
		};
/* End PBXVariantGroup section */

/* Begin XCBuildConfiguration section */
		F368045A23D885710054361A /* Debug */ = {
			isa = XCBuildConfiguration;
			buildSettings = {
				ALWAYS_SEARCH_USER_PATHS = NO;
				CLANG_ANALYZER_NONNULL = YES;
				CLANG_ANALYZER_NUMBER_OBJECT_CONVERSION = YES_AGGRESSIVE;
				CLANG_CXX_LANGUAGE_STANDARD = "gnu++14";
				CLANG_CXX_LIBRARY = "libc++";
				CLANG_ENABLE_MODULES = YES;
				CLANG_ENABLE_OBJC_ARC = YES;
				CLANG_ENABLE_OBJC_WEAK = YES;
				CLANG_WARN_BLOCK_CAPTURE_AUTORELEASING = YES;
				CLANG_WARN_BOOL_CONVERSION = YES;
				CLANG_WARN_COMMA = YES;
				CLANG_WARN_CONSTANT_CONVERSION = YES;
				CLANG_WARN_DEPRECATED_OBJC_IMPLEMENTATIONS = YES;
				CLANG_WARN_DIRECT_OBJC_ISA_USAGE = YES_ERROR;
				CLANG_WARN_DOCUMENTATION_COMMENTS = YES;
				CLANG_WARN_EMPTY_BODY = YES;
				CLANG_WARN_ENUM_CONVERSION = YES;
				CLANG_WARN_INFINITE_RECURSION = YES;
				CLANG_WARN_INT_CONVERSION = YES;
				CLANG_WARN_NON_LITERAL_NULL_CONVERSION = YES;
				CLANG_WARN_OBJC_IMPLICIT_RETAIN_SELF = YES;
				CLANG_WARN_OBJC_LITERAL_CONVERSION = YES;
				CLANG_WARN_OBJC_ROOT_CLASS = YES_ERROR;
				CLANG_WARN_RANGE_LOOP_ANALYSIS = YES;
				CLANG_WARN_STRICT_PROTOTYPES = YES;
				CLANG_WARN_SUSPICIOUS_MOVE = YES;
				CLANG_WARN_UNGUARDED_AVAILABILITY = YES_AGGRESSIVE;
				CLANG_WARN_UNREACHABLE_CODE = YES;
				CLANG_WARN__DUPLICATE_METHOD_MATCH = YES;
				COPY_PHASE_STRIP = NO;
				DEBUG_INFORMATION_FORMAT = dwarf;
				ENABLE_STRICT_OBJC_MSGSEND = YES;
				ENABLE_TESTABILITY = YES;
				GCC_C_LANGUAGE_STANDARD = gnu11;
				GCC_DYNAMIC_NO_PIC = NO;
				GCC_NO_COMMON_BLOCKS = YES;
				GCC_OPTIMIZATION_LEVEL = 0;
				GCC_PREPROCESSOR_DEFINITIONS = (
					"DEBUG=1",
					"$(inherited)",
				);
				GCC_WARN_64_TO_32_BIT_CONVERSION = YES;
				GCC_WARN_ABOUT_RETURN_TYPE = YES_ERROR;
				GCC_WARN_UNDECLARED_SELECTOR = YES;
				GCC_WARN_UNINITIALIZED_AUTOS = YES_AGGRESSIVE;
				GCC_WARN_UNUSED_FUNCTION = YES;
				GCC_WARN_UNUSED_VARIABLE = YES;
				IPHONEOS_DEPLOYMENT_TARGET = 13.2;
				MTL_ENABLE_DEBUG_INFO = INCLUDE_SOURCE;
				MTL_FAST_MATH = YES;
				ONLY_ACTIVE_ARCH = YES;
				SDKROOT = iphoneos;
				SWIFT_ACTIVE_COMPILATION_CONDITIONS = DEBUG;
				SWIFT_OPTIMIZATION_LEVEL = "-Onone";
			};
			name = Debug;
		};
		F368045B23D885710054361A /* Release */ = {
			isa = XCBuildConfiguration;
			buildSettings = {
				ALWAYS_SEARCH_USER_PATHS = NO;
				CLANG_ANALYZER_NONNULL = YES;
				CLANG_ANALYZER_NUMBER_OBJECT_CONVERSION = YES_AGGRESSIVE;
				CLANG_CXX_LANGUAGE_STANDARD = "gnu++14";
				CLANG_CXX_LIBRARY = "libc++";
				CLANG_ENABLE_MODULES = YES;
				CLANG_ENABLE_OBJC_ARC = YES;
				CLANG_ENABLE_OBJC_WEAK = YES;
				CLANG_WARN_BLOCK_CAPTURE_AUTORELEASING = YES;
				CLANG_WARN_BOOL_CONVERSION = YES;
				CLANG_WARN_COMMA = YES;
				CLANG_WARN_CONSTANT_CONVERSION = YES;
				CLANG_WARN_DEPRECATED_OBJC_IMPLEMENTATIONS = YES;
				CLANG_WARN_DIRECT_OBJC_ISA_USAGE = YES_ERROR;
				CLANG_WARN_DOCUMENTATION_COMMENTS = YES;
				CLANG_WARN_EMPTY_BODY = YES;
				CLANG_WARN_ENUM_CONVERSION = YES;
				CLANG_WARN_INFINITE_RECURSION = YES;
				CLANG_WARN_INT_CONVERSION = YES;
				CLANG_WARN_NON_LITERAL_NULL_CONVERSION = YES;
				CLANG_WARN_OBJC_IMPLICIT_RETAIN_SELF = YES;
				CLANG_WARN_OBJC_LITERAL_CONVERSION = YES;
				CLANG_WARN_OBJC_ROOT_CLASS = YES_ERROR;
				CLANG_WARN_RANGE_LOOP_ANALYSIS = YES;
				CLANG_WARN_STRICT_PROTOTYPES = YES;
				CLANG_WARN_SUSPICIOUS_MOVE = YES;
				CLANG_WARN_UNGUARDED_AVAILABILITY = YES_AGGRESSIVE;
				CLANG_WARN_UNREACHABLE_CODE = YES;
				CLANG_WARN__DUPLICATE_METHOD_MATCH = YES;
				COPY_PHASE_STRIP = NO;
				DEBUG_INFORMATION_FORMAT = "dwarf-with-dsym";
				ENABLE_NS_ASSERTIONS = NO;
				ENABLE_STRICT_OBJC_MSGSEND = YES;
				GCC_C_LANGUAGE_STANDARD = gnu11;
				GCC_NO_COMMON_BLOCKS = YES;
				GCC_WARN_64_TO_32_BIT_CONVERSION = YES;
				GCC_WARN_ABOUT_RETURN_TYPE = YES_ERROR;
				GCC_WARN_UNDECLARED_SELECTOR = YES;
				GCC_WARN_UNINITIALIZED_AUTOS = YES_AGGRESSIVE;
				GCC_WARN_UNUSED_FUNCTION = YES;
				GCC_WARN_UNUSED_VARIABLE = YES;
				IPHONEOS_DEPLOYMENT_TARGET = 13.2;
				MTL_ENABLE_DEBUG_INFO = NO;
				MTL_FAST_MATH = YES;
				SDKROOT = iphoneos;
				SWIFT_COMPILATION_MODE = wholemodule;
				SWIFT_OPTIMIZATION_LEVEL = "-O";
				VALIDATE_PRODUCT = YES;
			};
			name = Release;
		};
		F368045D23D885710054361A /* Debug */ = {
			isa = XCBuildConfiguration;
			buildSettings = {
				ASSETCATALOG_COMPILER_APPICON_NAME = AppIcon;
				CODE_SIGN_STYLE = Automatic;
				DEVELOPMENT_TEAM = YJ2U97422Q;
				INFOPLIST_FILE = ImageViewer/Info.plist;
				LD_RUNPATH_SEARCH_PATHS = (
					"$(inherited)",
					"@executable_path/Frameworks",
				);
				PRODUCT_BUNDLE_IDENTIFIER = com.elena.ImageViewer;
				PRODUCT_NAME = "$(TARGET_NAME)";
				SWIFT_VERSION = 5.0;
				TARGETED_DEVICE_FAMILY = "1,2";
			};
			name = Debug;
		};
		F368045E23D885710054361A /* Release */ = {
			isa = XCBuildConfiguration;
			buildSettings = {
				ASSETCATALOG_COMPILER_APPICON_NAME = AppIcon;
				CODE_SIGN_STYLE = Automatic;
				DEVELOPMENT_TEAM = YJ2U97422Q;
				INFOPLIST_FILE = ImageViewer/Info.plist;
				LD_RUNPATH_SEARCH_PATHS = (
					"$(inherited)",
					"@executable_path/Frameworks",
				);
				PRODUCT_BUNDLE_IDENTIFIER = com.elena.ImageViewer;
				PRODUCT_NAME = "$(TARGET_NAME)";
				SWIFT_VERSION = 5.0;
				TARGETED_DEVICE_FAMILY = "1,2";
			};
			name = Release;
		};
/* End XCBuildConfiguration section */

/* Begin XCConfigurationList section */
		F368044323D8856D0054361A /* Build configuration list for PBXProject "ImageViewer" */ = {
			isa = XCConfigurationList;
			buildConfigurations = (
				F368045A23D885710054361A /* Debug */,
				F368045B23D885710054361A /* Release */,
			);
			defaultConfigurationIsVisible = 0;
			defaultConfigurationName = Release;
		};
		F368045C23D885710054361A /* Build configuration list for PBXNativeTarget "ImageViewer" */ = {
			isa = XCConfigurationList;
			buildConfigurations = (
				F368045D23D885710054361A /* Debug */,
				F368045E23D885710054361A /* Release */,
			);
			defaultConfigurationIsVisible = 0;
			defaultConfigurationName = Release;
		};
/* End XCConfigurationList section */
	};
	rootObject = F368044023D8856D0054361A /* Project object */;
}
